
Microsoft Visual Studio Solution File, Format Version 12.00
# Visual Studio Version 17
VisualStudioVersion = 17.4.33110.190
MinimumVisualStudioVersion = 10.0.40219.1
Project("{FAE04EC0-301F-11D3-BF4B-00C04F79EFBC}") = "30-11-2022_ invoice for payment", "30-11-2022_ invoice for payment.csproj", "{B2EF221E-D7AF-4BD2-8B54-EBC360AD7197}"
EndProject
Global
	GlobalSection(SolutionConfigurationPlatforms) = preSolution
		Debug|Any CPU = Debug|Any CPU
		Release|Any CPU = Release|Any CPU
	EndGlobalSection
	GlobalSection(ProjectConfigurationPlatforms) = postSolution
		{B2EF221E-D7AF-4BD2-8B54-EBC360AD7197}.Debug|Any CPU.ActiveCfg = Debug|Any CPU
		{B2EF221E-D7AF-4BD2-8B54-EBC360AD7197}.Debug|Any CPU.Build.0 = Debug|Any CPU
		{B2EF221E-D7AF-4BD2-8B54-EBC360AD7197}.Release|Any CPU.ActiveCfg = Release|Any CPU
		{B2EF221E-D7AF-4BD2-8B54-EBC360AD7197}.Release|Any CPU.Build.0 = Release|Any CPU
	EndGlobalSection
	GlobalSection(SolutionProperties) = preSolution
		HideSolutionNode = FALSE
	EndGlobalSection
	GlobalSection(ExtensibilityGlobals) = postSolution
		SolutionGuid = {6951DF1F-E295-4FFD-8ED6-7CC1AE4883DB}
	EndGlobalSection
EndGlobal
